
Microsoft Visual Studio Solution File, Format Version 12.00
# Visual Studio Version 16
VisualStudioVersion = 16.0.29306.81
MinimumVisualStudioVersion = 10.0.40219.1
Project("{FAE04EC0-301F-11D3-BF4B-00C04F79EFBC}") = "TTNhom", "TTNhom\TTNhom.csproj", "{4A915CE0-DA0F-4785-AAAF-2ECC5777140B}"
EndProject
Global
	GlobalSection(SolutionConfigurationPlatforms) = preSolution
		Debug|Any CPU = Debug|Any CPU
		Release|Any CPU = Release|Any CPU
	EndGlobalSection
	GlobalSection(ProjectConfigurationPlatforms) = postSolution
		{4A915CE0-DA0F-4785-AAAF-2ECC5777140B}.Debug|Any CPU.ActiveCfg = Debug|Any CPU
		{4A915CE0-DA0F-4785-AAAF-2ECC5777140B}.Debug|Any CPU.Build.0 = Debug|Any CPU
		{4A915CE0-DA0F-4785-AAAF-2ECC5777140B}.Release|Any CPU.ActiveCfg = Release|Any CPU
		{4A915CE0-DA0F-4785-AAAF-2ECC5777140B}.Release|Any CPU.Build.0 = Release|Any CPU
	EndGlobalSection
	GlobalSection(SolutionProperties) = preSolution
		HideSolutionNode = FALSE
	EndGlobalSection
	GlobalSection(ExtensibilityGlobals) = postSolution
		SolutionGuid = {4CA9C2C1-DA39-42CB-B3C9-D49D6645A061}
	EndGlobalSection
EndGlobal
